github.com/jboursiquot/go-proverbs v0.0.2 h1:LlJpbPfW6+HThOwZR+VsJwpRQL6xHOLsWjXJSZV2N40=
github.com/jboursiquot/go-proverbs v0.0.2/go.mod h1:Fkb7X/GdAApOZjs+v4eREbG/UnzgHiLOLq7RbkKUf3U=
github.com/skratchdot/open-golang v0.0.0-20200116055534-eef842397966 h1:JIAuq3EEf9cgbU6AtGPK4CTG3Zf6CKMNqf0MHTggAUA=
github.com/skratchdot/open-golang v0.0.0-20200116055534-eef842397966/go.mod h1:sUM3LWHvSMaG192sy56D9F7CNvL7jUJVXoqM1QKLnog=
